
Microsoft Visual Studio Solution File, Format Version 12.00
# Visual Studio 14
VisualStudioVersion = 14.0.25420.1
MinimumVisualStudioVersion = 10.0.40219.1
Project("{D2ABAB84-BF74-430A-B69E-9DC6D40DDA17}") = "DWH_VC_AVT", "DWH_VC_AVT\DWH_VC_AVT.dwproj", "{2AEB5BD3-BE91-4423-88C7-11233EB51B6D}"
EndProject
Global
	GlobalSection(SolutionConfigurationPlatforms) = preSolution
		Development|Default = Development|Default
	EndGlobalSection
	GlobalSection(ProjectConfigurationPlatforms) = postSolution
		{2AEB5BD3-BE91-4423-88C7-11233EB51B6D}.Development|Default.ActiveCfg = Development
		{2AEB5BD3-BE91-4423-88C7-11233EB51B6D}.Development|Default.Build.0 = Development
		{2AEB5BD3-BE91-4423-88C7-11233EB51B6D}.Development|Default.Deploy.0 = Development
	EndGlobalSection
	GlobalSection(SolutionProperties) = preSolution
		HideSolutionNode = FALSE
	EndGlobalSection
EndGlobal
